// !$*UTF8*$!
{
	archiveVersion = 1;
	classes = {
	};
	objectVersion = 56;
	objects = {

/* Begin PBXBuildFile section */
		BAAE3C372B1A0B2F00F567ED /* WetherForcastAppApp.swift in Sources */ = {isa = PBXBuildFile; fileRef = BAAE3C362B1A0B2F00F567ED /* WetherForcastAppApp.swift */; };
		BAAE3C392B1A0B2F00F567ED /* ContentView.swift in Sources */ = {isa = PBXBuildFile; fileRef = BAAE3C382B1A0B2F00F567ED /* ContentView.swift */; };
		BAAE3C3B2B1A0B3200F567ED /* Assets.xcassets in Resources */ = {isa = PBXBuildFile; fileRef = BAAE3C3A2B1A0B3200F567ED /* Assets.xcassets */; };
		BAAE3C3E2B1A0B3200F567ED /* Preview Assets.xcassets in Resources */ = {isa = PBXBuildFile; fileRef = BAAE3C3D2B1A0B3200F567ED /* Preview Assets.xcassets */; };
		BAAE3C482B1A0B3200F567ED /* WetherForcastAppTests.swift in Sources */ = {isa = PBXBuildFile; fileRef = BAAE3C472B1A0B3200F567ED /* WetherForcastAppTests.swift */; };
		BAAE3C522B1A0B3300F567ED /* WetherForcastAppUITests.swift in Sources */ = {isa = PBXBuildFile; fileRef = BAAE3C512B1A0B3300F567ED /* WetherForcastAppUITests.swift */; };
		BAAE3C542B1A0B3300F567ED /* WetherForcastAppUITestsLaunchTests.swift in Sources */ = {isa = PBXBuildFile; fileRef = BAAE3C532B1A0B3300F567ED /* WetherForcastAppUITestsLaunchTests.swift */; };
		BAAE3C662B1A0D1800F567ED /* DateFormatterUtils.swift in Sources */ = {isa = PBXBuildFile; fileRef = BAAE3C652B1A0D1800F567ED /* DateFormatterUtils.swift */; };
		BAAE3C682B1A0D6C00F567ED /* WindDirHelper.swift in Sources */ = {isa = PBXBuildFile; fileRef = BAAE3C672B1A0D6C00F567ED /* WindDirHelper.swift */; };
		BAAE3C6A2B1A0E4600F567ED /* .gitignore in Resources */ = {isa = PBXBuildFile; fileRef = BAAE3C692B1A0E4600F567ED /* .gitignore */; };
/* End PBXBuildFile section */

/* Begin PBXContainerItemProxy section */
		BAAE3C442B1A0B3200F567ED /* PBXContainerItemProxy */ = {
			isa = PBXContainerItemProxy;
			containerPortal = BAAE3C2B2B1A0B2F00F567ED /* Project object */;
			proxyType = 1;
			remoteGlobalIDString = BAAE3C322B1A0B2F00F567ED;
			remoteInfo = WetherForcastApp;
		};
		BAAE3C4E2B1A0B3300F567ED /* PBXContainerItemProxy */ = {
			isa = PBXContainerItemProxy;
			containerPortal = BAAE3C2B2B1A0B2F00F567ED /* Project object */;
			proxyType = 1;
			remoteGlobalIDString = BAAE3C322B1A0B2F00F567ED;
			remoteInfo = WetherForcastApp;
		};
/* End PBXContainerItemProxy section */

/* Begin PBXFileReference section */
		BAAE3C332B1A0B2F00F567ED /* WetherForcastApp.app */ = {isa = PBXFileReference; explicitFileType = wrapper.application; includeInIndex = 0; path = WetherForcastApp.app; sourceTree = BUILT_PRODUCTS_DIR; };
		BAAE3C362B1A0B2F00F567ED /* WetherForcastAppApp.swift */ = {isa = PBXFileReference; lastKnownFileType = sourcecode.swift; path = WetherForcastAppApp.swift; sourceTree = "<group>"; };
		BAAE3C382B1A0B2F00F567ED /* ContentView.swift */ = {isa = PBXFileReference; lastKnownFileType = sourcecode.swift; path = ContentView.swift; sourceTree = "<group>"; };
		BAAE3C3A2B1A0B3200F567ED /* Assets.xcassets */ = {isa = PBXFileReference; lastKnownFileType = folder.assetcatalog; path = Assets.xcassets; sourceTree = "<group>"; };
		BAAE3C3D2B1A0B3200F567ED /* Preview Assets.xcassets */ = {isa = PBXFileReference; lastKnownFileType = folder.assetcatalog; path = "Preview Assets.xcassets"; sourceTree = "<group>"; };
		BAAE3C432B1A0B3200F567ED /* WetherForcastAppTests.xctest */ = {isa = PBXFileReference; explicitFileType = wrapper.cfbundle; includeInIndex = 0; path = WetherForcastAppTests.xctest; sourceTree = BUILT_PRODUCTS_DIR; };
		BAAE3C472B1A0B3200F567ED /* WetherForcastAppTests.swift */ = {isa = PBXFileReference; lastKnownFileType = sourcecode.swift; path = WetherForcastAppTests.swift; sourceTree = "<group>"; };
		BAAE3C4D2B1A0B3300F567ED /* WetherForcastAppUITests.xctest */ = {isa = PBXFileReference; explicitFileType = wrapper.cfbundle; includeInIndex = 0; path = WetherForcastAppUITests.xctest; sourceTree = BUILT_PRODUCTS_DIR; };
		BAAE3C512B1A0B3300F567ED /* WetherForcastAppUITests.swift */ = {isa = PBXFileReference; lastKnownFileType = sourcecode.swift; path = WetherForcastAppUITests.swift; sourceTree = "<group>"; };
		BAAE3C532B1A0B3300F567ED /* WetherForcastAppUITestsLaunchTests.swift */ = {isa = PBXFileReference; lastKnownFileType = sourcecode.swift; path = WetherForcastAppUITestsLaunchTests.swift; sourceTree = "<group>"; };
		BAAE3C652B1A0D1800F567ED /* DateFormatterUtils.swift */ = {isa = PBXFileReference; lastKnownFileType = sourcecode.swift; path = DateFormatterUtils.swift; sourceTree = "<group>"; };
		BAAE3C672B1A0D6C00F567ED /* WindDirHelper.swift */ = {isa = PBXFileReference; lastKnownFileType = sourcecode.swift; path = WindDirHelper.swift; sourceTree = "<group>"; };
		BAAE3C692B1A0E4600F567ED /* .gitignore */ = {isa = PBXFileReference; lastKnownFileType = text; path = .gitignore; sourceTree = "<group>"; };
/* End PBXFileReference section */

/* Begin PBXFrameworksBuildPhase section */
		BAAE3C302B1A0B2F00F567ED /* Frameworks */ = {
			isa = PBXFrameworksBuildPhase;
			buildActionMask = 2147483647;
			files = (
			);
			runOnlyForDeploymentPostprocessing = 0;
		};
		BAAE3C402B1A0B3200F567ED /* Frameworks */ = {
			isa = PBXFrameworksBuildPhase;
			buildActionMask = 2147483647;
			files = (
			);
			runOnlyForDeploymentPostprocessing = 0;
		};
		BAAE3C4A2B1A0B3300F567ED /* Frameworks */ = {
			isa = PBXFrameworksBuildPhase;
			buildActionMask = 2147483647;
			files = (
			);
			runOnlyForDeploymentPostprocessing = 0;
		};
/* End PBXFrameworksBuildPhase section */

/* Begin PBXGroup section */
		BAAE3C2A2B1A0B2F00F567ED = {
			isa = PBXGroup;
			children = (
				BAAE3C692B1A0E4600F567ED /* .gitignore */,
				BAAE3C352B1A0B2F00F567ED /* WetherForcastApp */,
				BAAE3C462B1A0B3200F567ED /* WetherForcastAppTests */,
				BAAE3C502B1A0B3300F567ED /* WetherForcastAppUITests */,
				BAAE3C342B1A0B2F00F567ED /* Products */,
			);
			sourceTree = "<group>";
		};
		BAAE3C342B1A0B2F00F567ED /* Products */ = {
			isa = PBXGroup;
			children = (
				BAAE3C332B1A0B2F00F567ED /* WetherForcastApp.app */,
				BAAE3C432B1A0B3200F567ED /* WetherForcastAppTests.xctest */,
				BAAE3C4D2B1A0B3300F567ED /* WetherForcastAppUITests.xctest */,
			);
			name = Products;
			sourceTree = "<group>";
		};
		BAAE3C352B1A0B2F00F567ED /* WetherForcastApp */ = {
			isa = PBXGroup;
			children = (
				BAAE3C642B1A0BBB00F567ED /* Views */,
				BAAE3C622B1A0B9A00F567ED /* ViewModels */,
				BAAE3C612B1A0B8E00F567ED /* Models */,
				BAAE3C602B1A0B7500F567ED /* Utilities */,
				BAAE3C362B1A0B2F00F567ED /* WetherForcastAppApp.swift */,
				BAAE3C382B1A0B2F00F567ED /* ContentView.swift */,
				BAAE3C3A2B1A0B3200F567ED /* Assets.xcassets */,
				BAAE3C3C2B1A0B3200F567ED /* Preview Content */,
			);
			path = WetherForcastApp;
			sourceTree = "<group>";
		};
		BAAE3C3C2B1A0B3200F567ED /* Preview Content */ = {
			isa = PBXGroup;
			children = (
				BAAE3C3D2B1A0B3200F567ED /* Preview Assets.xcassets */,
			);
			path = "Preview Content";
			sourceTree = "<group>";
		};
		BAAE3C462B1A0B3200F567ED /* WetherForcastAppTests */ = {
			isa = PBXGroup;
			children = (
				BAAE3C472B1A0B3200F567ED /* WetherForcastAppTests.swift */,
			);
			path = WetherForcastAppTests;
			sourceTree = "<group>";
		};
		BAAE3C502B1A0B3300F567ED /* WetherForcastAppUITests */ = {
			isa = PBXGroup;
			children = (
				BAAE3C512B1A0B3300F567ED /* WetherForcastAppUITests.swift */,
				BAAE3C532B1A0B3300F567ED /* WetherForcastAppUITestsLaunchTests.swift */,
			);
			path = WetherForcastAppUITests;
			sourceTree = "<group>";
		};
		BAAE3C602B1A0B7500F567ED /* Utilities */ = {
			isa = PBXGroup;
			children = (
				BAAE3C652B1A0D1800F567ED /* DateFormatterUtils.swift */,
				BAAE3C672B1A0D6C00F567ED /* WindDirHelper.swift */,
			);
			path = Utilities;
			sourceTree = "<group>";
		};
		BAAE3C612B1A0B8E00F567ED /* Models */ = {
			isa = PBXGroup;
			children = (
			);
			path = Models;
			sourceTree = "<group>";
		};
		BAAE3C622B1A0B9A00F567ED /* ViewModels */ = {
			isa = PBXGroup;
			children = (
			);
			path = ViewModels;
			sourceTree = "<group>";
		};
		BAAE3C642B1A0BBB00F567ED /* Views */ = {
			isa = PBXGroup;
			children = (
			);
			path = Views;
			sourceTree = "<group>";
		};
/* End PBXGroup section */

/* Begin PBXNativeTarget section */
		BAAE3C322B1A0B2F00F567ED /* WetherForcastApp */ = {
			isa = PBXNativeTarget;
			buildConfigurationList = BAAE3C572B1A0B3300F567ED /* Build configuration list for PBXNativeTarget "WetherForcastApp" */;
			buildPhases = (
				BAAE3C2F2B1A0B2F00F567ED /* Sources */,
				BAAE3C302B1A0B2F00F567ED /* Frameworks */,
				BAAE3C312B1A0B2F00F567ED /* Resources */,
			);
			buildRules = (
			);
			dependencies = (
			);
			name = WetherForcastApp;
			productName = WetherForcastApp;
			productReference = BAAE3C332B1A0B2F00F567ED /* WetherForcastApp.app */;
			productType = "com.apple.product-type.application";
		};
		BAAE3C422B1A0B3200F567ED /* WetherForcastAppTests */ = {
			isa = PBXNativeTarget;
			buildConfigurationList = BAAE3C5A2B1A0B3300F567ED /* Build configuration list for PBXNativeTarget "WetherForcastAppTests" */;
			buildPhases = (
				BAAE3C3F2B1A0B3200F567ED /* Sources */,
				BAAE3C402B1A0B3200F567ED /* Frameworks */,
				BAAE3C412B1A0B3200F567ED /* Resources */,
			);
			buildRules = (
			);
			dependencies = (
				BAAE3C452B1A0B3200F567ED /* PBXTargetDependency */,
			);
			name = WetherForcastAppTests;
			productName = WetherForcastAppTests;
			productReference = BAAE3C432B1A0B3200F567ED /* WetherForcastAppTests.xctest */;
			productType = "com.apple.product-type.bundle.unit-test";
		};
		BAAE3C4C2B1A0B3300F567ED /* WetherForcastAppUITests */ = {
			isa = PBXNativeTarget;
			buildConfigurationList = BAAE3C5D2B1A0B3300F567ED /* Build configuration list for PBXNativeTarget "WetherForcastAppUITests" */;
			buildPhases = (
				BAAE3C492B1A0B3300F567ED /* Sources */,
				BAAE3C4A2B1A0B3300F567ED /* Frameworks */,
				BAAE3C4B2B1A0B3300F567ED /* Resources */,
			);
			buildRules = (
			);
			dependencies = (
				BAAE3C4F2B1A0B3300F567ED /* PBXTargetDependency */,
			);
			name = WetherForcastAppUITests;
			productName = WetherForcastAppUITests;
			productReference = BAAE3C4D2B1A0B3300F567ED /* WetherForcastAppUITests.xctest */;
			productType = "com.apple.product-type.bundle.ui-testing";
		};
/* End PBXNativeTarget section */

/* Begin PBXProject section */
		BAAE3C2B2B1A0B2F00F567ED /* Project object */ = {
			isa = PBXProject;
			attributes = {
				BuildIndependentTargetsInParallel = 1;
				LastSwiftUpdateCheck = 1500;
				LastUpgradeCheck = 1500;
				TargetAttributes = {
					BAAE3C322B1A0B2F00F567ED = {
						CreatedOnToolsVersion = 15.0;
					};
					BAAE3C422B1A0B3200F567ED = {
						CreatedOnToolsVersion = 15.0;
						TestTargetID = BAAE3C322B1A0B2F00F567ED;
					};
					BAAE3C4C2B1A0B3300F567ED = {
						CreatedOnToolsVersion = 15.0;
						TestTargetID = BAAE3C322B1A0B2F00F567ED;
					};
				};
			};
			buildConfigurationList = BAAE3C2E2B1A0B2F00F567ED /* Build configuration list for PBXProject "WetherForcastApp" */;
			compatibilityVersion = "Xcode 14.0";
			developmentRegion = en;
			hasScannedForEncodings = 0;
			knownRegions = (
				en,
				Base,
			);
			mainGroup = BAAE3C2A2B1A0B2F00F567ED;
			productRefGroup = BAAE3C342B1A0B2F00F567ED /* Products */;
			projectDirPath = "";
			projectRoot = "";
			targets = (
				BAAE3C322B1A0B2F00F567ED /* WetherForcastApp */,
				BAAE3C422B1A0B3200F567ED /* WetherForcastAppTests */,
				BAAE3C4C2B1A0B3300F567ED /* WetherForcastAppUITests */,
			);
		};
/* End PBXProject section */

/* Begin PBXResourcesBuildPhase section */
		BAAE3C312B1A0B2F00F567ED /* Resources */ = {
			isa = PBXResourcesBuildPhase;
			buildActionMask = 2147483647;
			files = (
				BAAE3C3E2B1A0B3200F567ED /* Preview Assets.xcassets in Resources */,
				BAAE3C6A2B1A0E4600F567ED /* .gitignore in Resources */,
				BAAE3C3B2B1A0B3200F567ED /* Assets.xcassets in Resources */,
			);
			runOnlyForDeploymentPostprocessing = 0;
		};
		BAAE3C412B1A0B3200F567ED /* Resources */ = {
			isa = PBXResourcesBuildPhase;
			buildActionMask = 2147483647;
			files = (
			);
			runOnlyForDeploymentPostprocessing = 0;
		};
		BAAE3C4B2B1A0B3300F567ED /* Resources */ = {
			isa = PBXResourcesBuildPhase;
			buildActionMask = 2147483647;
			files = (
			);
			runOnlyForDeploymentPostprocessing = 0;
		};
/* End PBXResourcesBuildPhase section */

/* Begin PBXSourcesBuildPhase section */
		BAAE3C2F2B1A0B2F00F567ED /* Sources */ = {
			isa = PBXSourcesBuildPhase;
			buildActionMask = 2147483647;
			files = (
				BAAE3C392B1A0B2F00F567ED /* ContentView.swift in Sources */,
				BAAE3C662B1A0D1800F567ED /* DateFormatterUtils.swift in Sources */,
				BAAE3C372B1A0B2F00F567ED /* WetherForcastAppApp.swift in Sources */,
				BAAE3C682B1A0D6C00F567ED /* WindDirHelper.swift in Sources */,
			);
			runOnlyForDeploymentPostprocessing = 0;
		};
		BAAE3C3F2B1A0B3200F567ED /* Sources */ = {
			isa = PBXSourcesBuildPhase;
			buildActionMask = 2147483647;
			files = (
				BAAE3C482B1A0B3200F567ED /* WetherForcastAppTests.swift in Sources */,
			);
			runOnlyForDeploymentPostprocessing = 0;
		};
		BAAE3C492B1A0B3300F567ED /* Sources */ = {
			isa = PBXSourcesBuildPhase;
			buildActionMask = 2147483647;
			files = (
				BAAE3C542B1A0B3300F567ED /* WetherForcastAppUITestsLaunchTests.swift in Sources */,
				BAAE3C522B1A0B3300F567ED /* WetherForcastAppUITests.swift in Sources */,
			);
			runOnlyForDeploymentPostprocessing = 0;
		};
/* End PBXSourcesBuildPhase section */

/* Begin PBXTargetDependency section */
		BAAE3C452B1A0B3200F567ED /* PBXTargetDependency */ = {
			isa = PBXTargetDependency;
			target = BAAE3C322B1A0B2F00F567ED /* WetherForcastApp */;
			targetProxy = BAAE3C442B1A0B3200F567ED /* PBXContainerItemProxy */;
		};
		BAAE3C4F2B1A0B3300F567ED /* PBXTargetDependency */ = {
			isa = PBXTargetDependency;
			target = BAAE3C322B1A0B2F00F567ED /* WetherForcastApp */;
			targetProxy = BAAE3C4E2B1A0B3300F567ED /* PBXContainerItemProxy */;
		};
/* End PBXTargetDependency section */

/* Begin XCBuildConfiguration section */
		BAAE3C552B1A0B3300F567ED /* Debug */ = {
			isa = XCBuildConfiguration;
			buildSettings = {
				ALWAYS_SEARCH_USER_PATHS = NO;
				ASSETCATALOG_COMPILER_GENERATE_SWIFT_ASSET_SYMBOL_EXTENSIONS = YES;
				CLANG_ANALYZER_NONNULL = YES;
				CLANG_ANALYZER_NUMBER_OBJECT_CONVERSION = YES_AGGRESSIVE;
				CLANG_CXX_LANGUAGE_STANDARD = "gnu++20";
				CLANG_ENABLE_MODULES = YES;
				CLANG_ENABLE_OBJC_ARC = YES;
				CLANG_ENABLE_OBJC_WEAK = YES;
				CLANG_WARN_BLOCK_CAPTURE_AUTORELEASING = YES;
				CLANG_WARN_BOOL_CONVERSION = YES;
				CLANG_WARN_COMMA = YES;
				CLANG_WARN_CONSTANT_CONVERSION = YES;
				CLANG_WARN_DEPRECATED_OBJC_IMPLEMENTATIONS = YES;
				CLANG_WARN_DIRECT_OBJC_ISA_USAGE = YES_ERROR;
				CLANG_WARN_DOCUMENTATION_COMMENTS = YES;
				CLANG_WARN_EMPTY_BODY = YES;
				CLANG_WARN_ENUM_CONVERSION = YES;
				CLANG_WARN_INFINITE_RECURSION = YES;
				CLANG_WARN_INT_CONVERSION = YES;
				CLANG_WARN_NON_LITERAL_NULL_CONVERSION = YES;
				CLANG_WARN_OBJC_IMPLICIT_RETAIN_SELF = YES;
				CLANG_WARN_OBJC_LITERAL_CONVERSION = YES;
				CLANG_WARN_OBJC_ROOT_CLASS = YES_ERROR;
				CLANG_WARN_QUOTED_INCLUDE_IN_FRAMEWORK_HEADER = YES;
				CLANG_WARN_RANGE_LOOP_ANALYSIS = YES;
				CLANG_WARN_STRICT_PROTOTYPES = YES;
				CLANG_WARN_SUSPICIOUS_MOVE = YES;
				CLANG_WARN_UNGUARDED_AVAILABILITY = YES_AGGRESSIVE;
				CLANG_WARN_UNREACHABLE_CODE = YES;
				CLANG_WARN__DUPLICATE_METHOD_MATCH = YES;
				COPY_PHASE_STRIP = NO;
				DEBUG_INFORMATION_FORMAT = dwarf;
				ENABLE_STRICT_OBJC_MSGSEND = YES;
				ENABLE_TESTABILITY = YES;
				ENABLE_USER_SCRIPT_SANDBOXING = YES;
				GCC_C_LANGUAGE_STANDARD = gnu17;
				GCC_DYNAMIC_NO_PIC = NO;
				GCC_NO_COMMON_BLOCKS = YES;
				GCC_OPTIMIZATION_LEVEL = 0;
				GCC_PREPROCESSOR_DEFINITIONS = (
					"DEBUG=1",
					"$(inherited)",
				);
				GCC_WARN_64_TO_32_BIT_CONVERSION = YES;
				GCC_WARN_ABOUT_RETURN_TYPE = YES_ERROR;
				GCC_WARN_UNDECLARED_SELECTOR = YES;
				GCC_WARN_UNINITIALIZED_AUTOS = YES_AGGRESSIVE;
				GCC_WARN_UNUSED_FUNCTION = YES;
				GCC_WARN_UNUSED_VARIABLE = YES;
				IPHONEOS_DEPLOYMENT_TARGET = 17.0;
				LOCALIZATION_PREFERS_STRING_CATALOGS = YES;
				MTL_ENABLE_DEBUG_INFO = INCLUDE_SOURCE;
				MTL_FAST_MATH = YES;
				ONLY_ACTIVE_ARCH = YES;
				SDKROOT = iphoneos;
				SWIFT_ACTIVE_COMPILATION_CONDITIONS = "DEBUG $(inherited)";
				SWIFT_OPTIMIZATION_LEVEL = "-Onone";
			};
			name = Debug;
		};
		BAAE3C562B1A0B3300F567ED /* Release */ = {
			isa = XCBuildConfiguration;
			buildSettings = {
				ALWAYS_SEARCH_USER_PATHS = NO;
				ASSETCATALOG_COMPILER_GENERATE_SWIFT_ASSET_SYMBOL_EXTENSIONS = YES;
				CLANG_ANALYZER_NONNULL = YES;
				CLANG_ANALYZER_NUMBER_OBJECT_CONVERSION = YES_AGGRESSIVE;
				CLANG_CXX_LANGUAGE_STANDARD = "gnu++20";
				CLANG_ENABLE_MODULES = YES;
				CLANG_ENABLE_OBJC_ARC = YES;
				CLANG_ENABLE_OBJC_WEAK = YES;
				CLANG_WARN_BLOCK_CAPTURE_AUTORELEASING = YES;
				CLANG_WARN_BOOL_CONVERSION = YES;
				CLANG_WARN_COMMA = YES;
				CLANG_WARN_CONSTANT_CONVERSION = YES;
				CLANG_WARN_DEPRECATED_OBJC_IMPLEMENTATIONS = YES;
				CLANG_WARN_DIRECT_OBJC_ISA_USAGE = YES_ERROR;
				CLANG_WARN_DOCUMENTATION_COMMENTS = YES;
				CLANG_WARN_EMPTY_BODY = YES;
				CLANG_WARN_ENUM_CONVERSION = YES;
				CLANG_WARN_INFINITE_RECURSION = YES;
				CLANG_WARN_INT_CONVERSION = YES;
				CLANG_WARN_NON_LITERAL_NULL_CONVERSION = YES;
				CLANG_WARN_OBJC_IMPLICIT_RETAIN_SELF = YES;
				CLANG_WARN_OBJC_LITERAL_CONVERSION = YES;
				CLANG_WARN_OBJC_ROOT_CLASS = YES_ERROR;
				CLANG_WARN_QUOTED_INCLUDE_IN_FRAMEWORK_HEADER = YES;
				CLANG_WARN_RANGE_LOOP_ANALYSIS = YES;
				CLANG_WARN_STRICT_PROTOTYPES = YES;
				CLANG_WARN_SUSPICIOUS_MOVE = YES;
				CLANG_WARN_UNGUARDED_AVAILABILITY = YES_AGGRESSIVE;
				CLANG_WARN_UNREACHABLE_CODE = YES;
				CLANG_WARN__DUPLICATE_METHOD_MATCH = YES;
				COPY_PHASE_STRIP = NO;
				DEBUG_INFORMATION_FORMAT = "dwarf-with-dsym";
				ENABLE_NS_ASSERTIONS = NO;
				ENABLE_STRICT_OBJC_MSGSEND = YES;
				ENABLE_USER_SCRIPT_SANDBOXING = YES;
				GCC_C_LANGUAGE_STANDARD = gnu17;
				GCC_NO_COMMON_BLOCKS = YES;
				GCC_WARN_64_TO_32_BIT_CONVERSION = YES;
				GCC_WARN_ABOUT_RETURN_TYPE = YES_ERROR;
				GCC_WARN_UNDECLARED_SELECTOR = YES;
				GCC_WARN_UNINITIALIZED_AUTOS = YES_AGGRESSIVE;
				GCC_WARN_UNUSED_FUNCTION = YES;
				GCC_WARN_UNUSED_VARIABLE = YES;
				IPHONEOS_DEPLOYMENT_TARGET = 17.0;
				LOCALIZATION_PREFERS_STRING_CATALOGS = YES;
				MTL_ENABLE_DEBUG_INFO = NO;
				MTL_FAST_MATH = YES;
				SDKROOT = iphoneos;
				SWIFT_COMPILATION_MODE = wholemodule;
				VALIDATE_PRODUCT = YES;
			};
			name = Release;
		};
		BAAE3C582B1A0B3300F567ED /* Debug */ = {
			isa = XCBuildConfiguration;
			buildSettings = {
				ASSETCATALOG_COMPILER_APPICON_NAME = AppIcon;
				ASSETCATALOG_COMPILER_GLOBAL_ACCENT_COLOR_NAME = AccentColor;
				CODE_SIGN_STYLE = Automatic;
				CURRENT_PROJECT_VERSION = 1;
				DEVELOPMENT_ASSET_PATHS = "\"WetherForcastApp/Preview Content\"";
				DEVELOPMENT_TEAM = Z748RJ956Q;
				ENABLE_PREVIEWS = YES;
				GENERATE_INFOPLIST_FILE = YES;
				INFOPLIST_KEY_UIApplicationSceneManifest_Generation = YES;
				INFOPLIST_KEY_UIApplicationSupportsIndirectInputEvents = YES;
				INFOPLIST_KEY_UILaunchScreen_Generation = YES;
				INFOPLIST_KEY_UISupportedInterfaceOrientations_iPad = "UIInterfaceOrientationPortrait UIInterfaceOrientationPortraitUpsideDown UIInterfaceOrientationLandscapeLeft UIInterfaceOrientationLandscapeRight";
				INFOPLIST_KEY_UISupportedInterfaceOrientations_iPhone = "UIInterfaceOrientationPortrait UIInterfaceOrientationLandscapeLeft UIInterfaceOrientationLandscapeRight";
				LD_RUNPATH_SEARCH_PATHS = (
					"$(inherited)",
					"@executable_path/Frameworks",
				);
				MARKETING_VERSION = 1.0;
				PRODUCT_BUNDLE_IDENTIFIER = com.janindu.pathirana.WetherForcastApp;
				PRODUCT_NAME = "$(TARGET_NAME)";
				SWIFT_EMIT_LOC_STRINGS = YES;
				SWIFT_VERSION = 5.0;
				TARGETED_DEVICE_FAMILY = "1,2";
			};
			name = Debug;
		};
		BAAE3C592B1A0B3300F567ED /* Release */ = {
			isa = XCBuildConfiguration;
			buildSettings = {
				ASSETCATALOG_COMPILER_APPICON_NAME = AppIcon;
				ASSETCATALOG_COMPILER_GLOBAL_ACCENT_COLOR_NAME = AccentColor;
				CODE_SIGN_STYLE = Automatic;
				CURRENT_PROJECT_VERSION = 1;
				DEVELOPMENT_ASSET_PATHS = "\"WetherForcastApp/Preview Content\"";
				DEVELOPMENT_TEAM = Z748RJ956Q;
				ENABLE_PREVIEWS = YES;
				GENERATE_INFOPLIST_FILE = YES;
				INFOPLIST_KEY_UIApplicationSceneManifest_Generation = YES;
				INFOPLIST_KEY_UIApplicationSupportsIndirectInputEvents = YES;
				INFOPLIST_KEY_UILaunchScreen_Generation = YES;
				INFOPLIST_KEY_UISupportedInterfaceOrientations_iPad = "UIInterfaceOrientationPortrait UIInterfaceOrientationPortraitUpsideDown UIInterfaceOrientationLandscapeLeft UIInterfaceOrientationLandscapeRight";
				INFOPLIST_KEY_UISupportedInterfaceOrientations_iPhone = "UIInterfaceOrientationPortrait UIInterfaceOrientationLandscapeLeft UIInterfaceOrientationLandscapeRight";
				LD_RUNPATH_SEARCH_PATHS = (
					"$(inherited)",
					"@executable_path/Frameworks",
				);
				MARKETING_VERSION = 1.0;
				PRODUCT_BUNDLE_IDENTIFIER = com.janindu.pathirana.WetherForcastApp;
				PRODUCT_NAME = "$(TARGET_NAME)";
				SWIFT_EMIT_LOC_STRINGS = YES;
				SWIFT_VERSION = 5.0;
				TARGETED_DEVICE_FAMILY = "1,2";
			};
			name = Release;
		};
		BAAE3C5B2B1A0B3300F567ED /* Debug */ = {
			isa = XCBuildConfiguration;
			buildSettings = {
				ALWAYS_EMBED_SWIFT_STANDARD_LIBRARIES = YES;
				BUNDLE_LOADER = "$(TEST_HOST)";
				CODE_SIGN_STYLE = Automatic;
				CURRENT_PROJECT_VERSION = 1;
				DEVELOPMENT_TEAM = Z748RJ956Q;
				GENERATE_INFOPLIST_FILE = YES;
				IPHONEOS_DEPLOYMENT_TARGET = 17.0;
				MARKETING_VERSION = 1.0;
				PRODUCT_BUNDLE_IDENTIFIER = com.janindu.pathirana.WetherForcastAppTests;
				PRODUCT_NAME = "$(TARGET_NAME)";
				SWIFT_EMIT_LOC_STRINGS = NO;
				SWIFT_VERSION = 5.0;
				TARGETED_DEVICE_FAMILY = "1,2";
				TEST_HOST = "$(BUILT_PRODUCTS_DIR)/WetherForcastApp.app/$(BUNDLE_EXECUTABLE_FOLDER_PATH)/WetherForcastApp";
			};
			name = Debug;
		};
		BAAE3C5C2B1A0B3300F567ED /* Release */ = {
			isa = XCBuildConfiguration;
			buildSettings = {
				ALWAYS_EMBED_SWIFT_STANDARD_LIBRARIES = YES;
				BUNDLE_LOADER = "$(TEST_HOST)";
				CODE_SIGN_STYLE = Automatic;
				CURRENT_PROJECT_VERSION = 1;
				DEVELOPMENT_TEAM = Z748RJ956Q;
				GENERATE_INFOPLIST_FILE = YES;
				IPHONEOS_DEPLOYMENT_TARGET = 17.0;
				MARKETING_VERSION = 1.0;
				PRODUCT_BUNDLE_IDENTIFIER = com.janindu.pathirana.WetherForcastAppTests;
				PRODUCT_NAME = "$(TARGET_NAME)";
				SWIFT_EMIT_LOC_STRINGS = NO;
				SWIFT_VERSION = 5.0;
				TARGETED_DEVICE_FAMILY = "1,2";
				TEST_HOST = "$(BUILT_PRODUCTS_DIR)/WetherForcastApp.app/$(BUNDLE_EXECUTABLE_FOLDER_PATH)/WetherForcastApp";
			};
			name = Release;
		};
		BAAE3C5E2B1A0B3300F567ED /* Debug */ = {
			isa = XCBuildConfiguration;
			buildSettings = {
				ALWAYS_EMBED_SWIFT_STANDARD_LIBRARIES = YES;
				CODE_SIGN_STYLE = Automatic;
				CURRENT_PROJECT_VERSION = 1;
				DEVELOPMENT_TEAM = Z748RJ956Q;
				GENERATE_INFOPLIST_FILE = YES;
				MARKETING_VERSION = 1.0;
				PRODUCT_BUNDLE_IDENTIFIER = com.janindu.pathirana.WetherForcastAppUITests;
				PRODUCT_NAME = "$(TARGET_NAME)";
				SWIFT_EMIT_LOC_STRINGS = NO;
				SWIFT_VERSION = 5.0;
				TARGETED_DEVICE_FAMILY = "1,2";
				TEST_TARGET_NAME = WetherForcastApp;
			};
			name = Debug;
		};
		BAAE3C5F2B1A0B3300F567ED /* Release */ = {
			isa = XCBuildConfiguration;
			buildSettings = {
				ALWAYS_EMBED_SWIFT_STANDARD_LIBRARIES = YES;
				CODE_SIGN_STYLE = Automatic;
				CURRENT_PROJECT_VERSION = 1;
				DEVELOPMENT_TEAM = Z748RJ956Q;
				GENERATE_INFOPLIST_FILE = YES;
				MARKETING_VERSION = 1.0;
				PRODUCT_BUNDLE_IDENTIFIER = com.janindu.pathirana.WetherForcastAppUITests;
				PRODUCT_NAME = "$(TARGET_NAME)";
				SWIFT_EMIT_LOC_STRINGS = NO;
				SWIFT_VERSION = 5.0;
				TARGETED_DEVICE_FAMILY = "1,2";
				TEST_TARGET_NAME = WetherForcastApp;
			};
			name = Release;
		};
/* End XCBuildConfiguration section */

/* Begin XCConfigurationList section */
		BAAE3C2E2B1A0B2F00F567ED /* Build configuration list for PBXProject "WetherForcastApp" */ = {
			isa = XCConfigurationList;
			buildConfigurations = (
				BAAE3C552B1A0B3300F567ED /* Debug */,
				BAAE3C562B1A0B3300F567ED /* Release */,
			);
			defaultConfigurationIsVisible = 0;
			defaultConfigurationName = Release;
		};
		BAAE3C572B1A0B3300F567ED /* Build configuration list for PBXNativeTarget "WetherForcastApp" */ = {
			isa = XCConfigurationList;
			buildConfigurations = (
				BAAE3C582B1A0B3300F567ED /* Debug */,
				BAAE3C592B1A0B3300F567ED /* Release */,
			);
			defaultConfigurationIsVisible = 0;
			defaultConfigurationName = Release;
		};
		BAAE3C5A2B1A0B3300F567ED /* Build configuration list for PBXNativeTarget "WetherForcastAppTests" */ = {
			isa = XCConfigurationList;
			buildConfigurations = (
				BAAE3C5B2B1A0B3300F567ED /* Debug */,
				BAAE3C5C2B1A0B3300F567ED /* Release */,
			);
			defaultConfigurationIsVisible = 0;
			defaultConfigurationName = Release;
		};
		BAAE3C5D2B1A0B3300F567ED /* Build configuration list for PBXNativeTarget "WetherForcastAppUITests" */ = {
			isa = XCConfigurationList;
			buildConfigurations = (
				BAAE3C5E2B1A0B3300F567ED /* Debug */,
				BAAE3C5F2B1A0B3300F567ED /* Release */,
			);
			defaultConfigurationIsVisible = 0;
			defaultConfigurationName = Release;
		};
/* End XCConfigurationList section */
	};
	rootObject = BAAE3C2B2B1A0B2F00F567ED /* Project object */;
}
